// !$*UTF8*$!
{
	archiveVersion = 1;
	classes = {
	};
	objectVersion = 52;
	objects = {

/* Begin PBXBuildFile section */
		28D3B33A26F29DEE004D6C17 /* wechatCloneApp.swift in Sources */ = {isa = PBXBuildFile; fileRef = 28D3B33926F29DEE004D6C17 /* wechatCloneApp.swift */; };
		28D3B33C26F29DEE004D6C17 /* ContentView.swift in Sources */ = {isa = PBXBuildFile; fileRef = 28D3B33B26F29DEE004D6C17 /* ContentView.swift */; };
		28D3B33E26F29DF2004D6C17 /* Assets.xcassets in Resources */ = {isa = PBXBuildFile; fileRef = 28D3B33D26F29DF2004D6C17 /* Assets.xcassets */; };
		28D3B34126F29DF2004D6C17 /* Preview Assets.xcassets in Resources */ = {isa = PBXBuildFile; fileRef = 28D3B34026F29DF2004D6C17 /* Preview Assets.xcassets */; };
		28D3B34926F3B23D004D6C17 /* LoginViewModel.swift in Sources */ = {isa = PBXBuildFile; fileRef = 28D3B34826F3B23C004D6C17 /* LoginViewModel.swift */; };
		28D3B34E26F3B41A004D6C17 /* GoogleService-Info.plist in Resources */ = {isa = PBXBuildFile; fileRef = 28D3B34D26F3B419004D6C17 /* GoogleService-Info.plist */; };
		28D3B35126F3B573004D6C17 /* FirebaseStorage in Frameworks */ = {isa = PBXBuildFile; productRef = 28D3B35026F3B573004D6C17 /* FirebaseStorage */; };
		28D3B35326F3B573004D6C17 /* FirebaseAuth in Frameworks */ = {isa = PBXBuildFile; productRef = 28D3B35226F3B573004D6C17 /* FirebaseAuth */; };
		28D3B35526F3B573004D6C17 /* FirebaseFirestore in Frameworks */ = {isa = PBXBuildFile; productRef = 28D3B35426F3B573004D6C17 /* FirebaseFirestore */; };
		28D3B35726F3B573004D6C17 /* FirebaseDatabase in Frameworks */ = {isa = PBXBuildFile; productRef = 28D3B35626F3B573004D6C17 /* FirebaseDatabase */; };
		28D3B35926F3B64B004D6C17 /* Firebase.swift in Sources */ = {isa = PBXBuildFile; fileRef = 28D3B35826F3B64B004D6C17 /* Firebase.swift */; };
		28D3B35B26F3B7C8004D6C17 /* Member.swift in Sources */ = {isa = PBXBuildFile; fileRef = 28D3B35A26F3B7C8004D6C17 /* Member.swift */; };
/* End PBXBuildFile section */

/* Begin PBXFileReference section */
		28D3B33626F29DED004D6C17 /* wechatClone.app */ = {isa = PBXFileReference; explicitFileType = wrapper.application; includeInIndex = 0; path = wechatClone.app; sourceTree = BUILT_PRODUCTS_DIR; };
		28D3B33926F29DEE004D6C17 /* wechatCloneApp.swift */ = {isa = PBXFileReference; lastKnownFileType = sourcecode.swift; path = wechatCloneApp.swift; sourceTree = "<group>"; };
		28D3B33B26F29DEE004D6C17 /* ContentView.swift */ = {isa = PBXFileReference; lastKnownFileType = sourcecode.swift; path = ContentView.swift; sourceTree = "<group>"; };
		28D3B33D26F29DF2004D6C17 /* Assets.xcassets */ = {isa = PBXFileReference; lastKnownFileType = folder.assetcatalog; path = Assets.xcassets; sourceTree = "<group>"; };
		28D3B34026F29DF2004D6C17 /* Preview Assets.xcassets */ = {isa = PBXFileReference; lastKnownFileType = folder.assetcatalog; path = "Preview Assets.xcassets"; sourceTree = "<group>"; };
		28D3B34226F29DF2004D6C17 /* Info.plist */ = {isa = PBXFileReference; lastKnownFileType = text.plist.xml; path = Info.plist; sourceTree = "<group>"; };
		28D3B34826F3B23C004D6C17 /* LoginViewModel.swift */ = {isa = PBXFileReference; lastKnownFileType = sourcecode.swift; path = LoginViewModel.swift; sourceTree = "<group>"; };
		28D3B34D26F3B419004D6C17 /* GoogleService-Info.plist */ = {isa = PBXFileReference; fileEncoding = 4; lastKnownFileType = text.plist.xml; path = "GoogleService-Info.plist"; sourceTree = "<group>"; };
		28D3B35826F3B64B004D6C17 /* Firebase.swift */ = {isa = PBXFileReference; lastKnownFileType = sourcecode.swift; path = Firebase.swift; sourceTree = "<group>"; };
		28D3B35A26F3B7C8004D6C17 /* Member.swift */ = {isa = PBXFileReference; lastKnownFileType = sourcecode.swift; path = Member.swift; sourceTree = "<group>"; };
		28D3B35C26F3B9A2004D6C17 /* wechatClone.entitlements */ = {isa = PBXFileReference; lastKnownFileType = text.plist.entitlements; path = wechatClone.entitlements; sourceTree = "<group>"; };
/* End PBXFileReference section */

/* Begin PBXFrameworksBuildPhase section */
		28D3B33326F29DED004D6C17 /* Frameworks */ = {
			isa = PBXFrameworksBuildPhase;
			buildActionMask = 2147483647;
			files = (
				28D3B35126F3B573004D6C17 /* FirebaseStorage in Frameworks */,
				28D3B35326F3B573004D6C17 /* FirebaseAuth in Frameworks */,
				28D3B35726F3B573004D6C17 /* FirebaseDatabase in Frameworks */,
				28D3B35526F3B573004D6C17 /* FirebaseFirestore in Frameworks */,
			);
			runOnlyForDeploymentPostprocessing = 0;
		};
/* End PBXFrameworksBuildPhase section */

/* Begin PBXGroup section */
		28D3B32D26F29DED004D6C17 = {
			isa = PBXGroup;
			children = (
				28D3B33826F29DED004D6C17 /* wechatClone */,
				28D3B33726F29DED004D6C17 /* Products */,
			);
			sourceTree = "<group>";
		};
		28D3B33726F29DED004D6C17 /* Products */ = {
			isa = PBXGroup;
			children = (
				28D3B33626F29DED004D6C17 /* wechatClone.app */,
			);
			name = Products;
			sourceTree = "<group>";
		};
		28D3B33826F29DED004D6C17 /* wechatClone */ = {
			isa = PBXGroup;
			children = (
				28D3B35C26F3B9A2004D6C17 /* wechatClone.entitlements */,
				28D3B34C26F3B252004D6C17 /* View */,
				28D3B34B26F3B24B004D6C17 /* Model */,
				28D3B34A26F3B245004D6C17 /* ViewModel */,
				28D3B34D26F3B419004D6C17 /* GoogleService-Info.plist */,
				28D3B33D26F29DF2004D6C17 /* Assets.xcassets */,
				28D3B33926F29DEE004D6C17 /* wechatCloneApp.swift */,
				28D3B34226F29DF2004D6C17 /* Info.plist */,
				28D3B33F26F29DF2004D6C17 /* Preview Content */,
			);
			path = wechatClone;
			sourceTree = "<group>";
		};
		28D3B33F26F29DF2004D6C17 /* Preview Content */ = {
			isa = PBXGroup;
			children = (
				28D3B34026F29DF2004D6C17 /* Preview Assets.xcassets */,
			);
			path = "Preview Content";
			sourceTree = "<group>";
		};
		28D3B34A26F3B245004D6C17 /* ViewModel */ = {
			isa = PBXGroup;
			children = (
				28D3B34826F3B23C004D6C17 /* LoginViewModel.swift */,
				28D3B35826F3B64B004D6C17 /* Firebase.swift */,
			);
			path = ViewModel;
			sourceTree = "<group>";
		};
		28D3B34B26F3B24B004D6C17 /* Model */ = {
			isa = PBXGroup;
			children = (
				28D3B35A26F3B7C8004D6C17 /* Member.swift */,
			);
			path = Model;
			sourceTree = "<group>";
		};
		28D3B34C26F3B252004D6C17 /* View */ = {
			isa = PBXGroup;
			children = (
				28D3B33B26F29DEE004D6C17 /* ContentView.swift */,
			);
			path = View;
			sourceTree = "<group>";
		};
/* End PBXGroup section */

/* Begin PBXNativeTarget section */
		28D3B33526F29DED004D6C17 /* wechatClone */ = {
			isa = PBXNativeTarget;
			buildConfigurationList = 28D3B34526F29DF2004D6C17 /* Build configuration list for PBXNativeTarget "wechatClone" */;
			buildPhases = (
				28D3B33226F29DED004D6C17 /* Sources */,
				28D3B33326F29DED004D6C17 /* Frameworks */,
				28D3B33426F29DED004D6C17 /* Resources */,
			);
			buildRules = (
			);
			dependencies = (
			);
			name = wechatClone;
			packageProductDependencies = (
				28D3B35026F3B573004D6C17 /* FirebaseStorage */,
				28D3B35226F3B573004D6C17 /* FirebaseAuth */,
				28D3B35426F3B573004D6C17 /* FirebaseFirestore */,
				28D3B35626F3B573004D6C17 /* FirebaseDatabase */,
			);
			productName = wechatClone;
			productReference = 28D3B33626F29DED004D6C17 /* wechatClone.app */;
			productType = "com.apple.product-type.application";
		};
/* End PBXNativeTarget section */

/* Begin PBXProject section */
		28D3B32E26F29DED004D6C17 /* Project object */ = {
			isa = PBXProject;
			attributes = {
				LastSwiftUpdateCheck = 1250;
				LastUpgradeCheck = 1250;
				TargetAttributes = {
					28D3B33526F29DED004D6C17 = {
						CreatedOnToolsVersion = 12.5.1;
					};
				};
			};
			buildConfigurationList = 28D3B33126F29DED004D6C17 /* Build configuration list for PBXProject "wechatClone" */;
			compatibilityVersion = "Xcode 9.3";
			developmentRegion = en;
			hasScannedForEncodings = 0;
			knownRegions = (
				en,
				Base,
			);
			mainGroup = 28D3B32D26F29DED004D6C17;
			packageReferences = (
				28D3B34F26F3B573004D6C17 /* XCRemoteSwiftPackageReference "firebase-ios-sdk" */,
			);
			productRefGroup = 28D3B33726F29DED004D6C17 /* Products */;
			projectDirPath = "";
			projectRoot = "";
			targets = (
				28D3B33526F29DED004D6C17 /* wechatClone */,
			);
		};
/* End PBXProject section */

/* Begin PBXResourcesBuildPhase section */
		28D3B33426F29DED004D6C17 /* Resources */ = {
			isa = PBXResourcesBuildPhase;
			buildActionMask = 2147483647;
			files = (
				28D3B34126F29DF2004D6C17 /* Preview Assets.xcassets in Resources */,
				28D3B34E26F3B41A004D6C17 /* GoogleService-Info.plist in Resources */,
				28D3B33E26F29DF2004D6C17 /* Assets.xcassets in Resources */,
			);
			runOnlyForDeploymentPostprocessing = 0;
		};
/* End PBXResourcesBuildPhase section */

/* Begin PBXSourcesBuildPhase section */
		28D3B33226F29DED004D6C17 /* Sources */ = {
			isa = PBXSourcesBuildPhase;
			buildActionMask = 2147483647;
			files = (
				28D3B33C26F29DEE004D6C17 /* ContentView.swift in Sources */,
				28D3B34926F3B23D004D6C17 /* LoginViewModel.swift in Sources */,
				28D3B35926F3B64B004D6C17 /* Firebase.swift in Sources */,
				28D3B33A26F29DEE004D6C17 /* wechatCloneApp.swift in Sources */,
				28D3B35B26F3B7C8004D6C17 /* Member.swift in Sources */,
			);
			runOnlyForDeploymentPostprocessing = 0;
		};
/* End PBXSourcesBuildPhase section */

/* Begin XCBuildConfiguration section */
		28D3B34326F29DF2004D6C17 /* Debug */ = {
			isa = XCBuildConfiguration;
			buildSettings = {
				ALWAYS_SEARCH_USER_PATHS = NO;
				CLANG_ANALYZER_NONNULL = YES;
				CLANG_ANALYZER_NUMBER_OBJECT_CONVERSION = YES_AGGRESSIVE;
				CLANG_CXX_LANGUAGE_STANDARD = "gnu++14";
				CLANG_CXX_LIBRARY = "libc++";
				CLANG_ENABLE_MODULES = YES;
				CLANG_ENABLE_OBJC_ARC = YES;
				CLANG_ENABLE_OBJC_WEAK = YES;
				CLANG_WARN_BLOCK_CAPTURE_AUTORELEASING = YES;
				CLANG_WARN_BOOL_CONVERSION = YES;
				CLANG_WARN_COMMA = YES;
				CLANG_WARN_CONSTANT_CONVERSION = YES;
				CLANG_WARN_DEPRECATED_OBJC_IMPLEMENTATIONS = YES;
				CLANG_WARN_DIRECT_OBJC_ISA_USAGE = YES_ERROR;
				CLANG_WARN_DOCUMENTATION_COMMENTS = YES;
				CLANG_WARN_EMPTY_BODY = YES;
				CLANG_WARN_ENUM_CONVERSION = YES;
				CLANG_WARN_INFINITE_RECURSION = YES;
				CLANG_WARN_INT_CONVERSION = YES;
				CLANG_WARN_NON_LITERAL_NULL_CONVERSION = YES;
				CLANG_WARN_OBJC_IMPLICIT_RETAIN_SELF = YES;
				CLANG_WARN_OBJC_LITERAL_CONVERSION = YES;
				CLANG_WARN_OBJC_ROOT_CLASS = YES_ERROR;
				CLANG_WARN_QUOTED_INCLUDE_IN_FRAMEWORK_HEADER = YES;
				CLANG_WARN_RANGE_LOOP_ANALYSIS = YES;
				CLANG_WARN_STRICT_PROTOTYPES = YES;
				CLANG_WARN_SUSPICIOUS_MOVE = YES;
				CLANG_WARN_UNGUARDED_AVAILABILITY = YES_AGGRESSIVE;
				CLANG_WARN_UNREACHABLE_CODE = YES;
				CLANG_WARN__DUPLICATE_METHOD_MATCH = YES;
				COPY_PHASE_STRIP = NO;
				DEBUG_INFORMATION_FORMAT = dwarf;
				ENABLE_STRICT_OBJC_MSGSEND = YES;
				ENABLE_TESTABILITY = YES;
				GCC_C_LANGUAGE_STANDARD = gnu11;
				GCC_DYNAMIC_NO_PIC = NO;
				GCC_NO_COMMON_BLOCKS = YES;
				GCC_OPTIMIZATION_LEVEL = 0;
				GCC_PREPROCESSOR_DEFINITIONS = (
					"DEBUG=1",
					"$(inherited)",
				);
				GCC_WARN_64_TO_32_BIT_CONVERSION = YES;
				GCC_WARN_ABOUT_RETURN_TYPE = YES_ERROR;
				GCC_WARN_UNDECLARED_SELECTOR = YES;
				GCC_WARN_UNINITIALIZED_AUTOS = YES_AGGRESSIVE;
				GCC_WARN_UNUSED_FUNCTION = YES;
				GCC_WARN_UNUSED_VARIABLE = YES;
				IPHONEOS_DEPLOYMENT_TARGET = 14.5;
				MTL_ENABLE_DEBUG_INFO = INCLUDE_SOURCE;
				MTL_FAST_MATH = YES;
				ONLY_ACTIVE_ARCH = YES;
				SDKROOT = iphoneos;
				SWIFT_ACTIVE_COMPILATION_CONDITIONS = DEBUG;
				SWIFT_OPTIMIZATION_LEVEL = "-Onone";
			};
			name = Debug;
		};
		28D3B34426F29DF2004D6C17 /* Release */ = {
			isa = XCBuildConfiguration;
			buildSettings = {
				ALWAYS_SEARCH_USER_PATHS = NO;
				CLANG_ANALYZER_NONNULL = YES;
				CLANG_ANALYZER_NUMBER_OBJECT_CONVERSION = YES_AGGRESSIVE;
				CLANG_CXX_LANGUAGE_STANDARD = "gnu++14";
				CLANG_CXX_LIBRARY = "libc++";
				CLANG_ENABLE_MODULES = YES;
				CLANG_ENABLE_OBJC_ARC = YES;
				CLANG_ENABLE_OBJC_WEAK = YES;
				CLANG_WARN_BLOCK_CAPTURE_AUTORELEASING = YES;
				CLANG_WARN_BOOL_CONVERSION = YES;
				CLANG_WARN_COMMA = YES;
				CLANG_WARN_CONSTANT_CONVERSION = YES;
				CLANG_WARN_DEPRECATED_OBJC_IMPLEMENTATIONS = YES;
				CLANG_WARN_DIRECT_OBJC_ISA_USAGE = YES_ERROR;
				CLANG_WARN_DOCUMENTATION_COMMENTS = YES;
				CLANG_WARN_EMPTY_BODY = YES;
				CLANG_WARN_ENUM_CONVERSION = YES;
				CLANG_WARN_INFINITE_RECURSION = YES;
				CLANG_WARN_INT_CONVERSION = YES;
				CLANG_WARN_NON_LITERAL_NULL_CONVERSION = YES;
				CLANG_WARN_OBJC_IMPLICIT_RETAIN_SELF = YES;
				CLANG_WARN_OBJC_LITERAL_CONVERSION = YES;
				CLANG_WARN_OBJC_ROOT_CLASS = YES_ERROR;
				CLANG_WARN_QUOTED_INCLUDE_IN_FRAMEWORK_HEADER = YES;
				CLANG_WARN_RANGE_LOOP_ANALYSIS = YES;
				CLANG_WARN_STRICT_PROTOTYPES = YES;
				CLANG_WARN_SUSPICIOUS_MOVE = YES;
				CLANG_WARN_UNGUARDED_AVAILABILITY = YES_AGGRESSIVE;
				CLANG_WARN_UNREACHABLE_CODE = YES;
				CLANG_WARN__DUPLICATE_METHOD_MATCH = YES;
				COPY_PHASE_STRIP = NO;
				DEBUG_INFORMATION_FORMAT = "dwarf-with-dsym";
				ENABLE_NS_ASSERTIONS = NO;
				ENABLE_STRICT_OBJC_MSGSEND = YES;
				GCC_C_LANGUAGE_STANDARD = gnu11;
				GCC_NO_COMMON_BLOCKS = YES;
				GCC_WARN_64_TO_32_BIT_CONVERSION = YES;
				GCC_WARN_ABOUT_RETURN_TYPE = YES_ERROR;
				GCC_WARN_UNDECLARED_SELECTOR = YES;
				GCC_WARN_UNINITIALIZED_AUTOS = YES_AGGRESSIVE;
				GCC_WARN_UNUSED_FUNCTION = YES;
				GCC_WARN_UNUSED_VARIABLE = YES;
				IPHONEOS_DEPLOYMENT_TARGET = 14.5;
				MTL_ENABLE_DEBUG_INFO = NO;
				MTL_FAST_MATH = YES;
				SDKROOT = iphoneos;
				SWIFT_COMPILATION_MODE = wholemodule;
				SWIFT_OPTIMIZATION_LEVEL = "-O";
				VALIDATE_PRODUCT = YES;
			};
			name = Release;
		};
		28D3B34626F29DF2004D6C17 /* Debug */ = {
			isa = XCBuildConfiguration;
			buildSettings = {
				ASSETCATALOG_COMPILER_APPICON_NAME = AppIcon;
				ASSETCATALOG_COMPILER_GLOBAL_ACCENT_COLOR_NAME = AccentColor;
				CODE_SIGN_ENTITLEMENTS = wechatClone/wechatClone.entitlements;
				CODE_SIGN_STYLE = Automatic;
				DEVELOPMENT_ASSET_PATHS = "\"wechatClone/Preview Content\"";
				DEVELOPMENT_TEAM = XX8BFQJ7RJ;
				ENABLE_PREVIEWS = YES;
				INFOPLIST_FILE = wechatClone/Info.plist;
				IPHONEOS_DEPLOYMENT_TARGET = 14.0;
				LD_RUNPATH_SEARCH_PATHS = (
					"$(inherited)",
					"@executable_path/Frameworks",
				);
				PRODUCT_BUNDLE_IDENTIFIER = swift.wechatClone;
				PRODUCT_NAME = "$(TARGET_NAME)";
				SWIFT_VERSION = 5.0;
				TARGETED_DEVICE_FAMILY = "1,2";
			};
			name = Debug;
		};
		28D3B34726F29DF2004D6C17 /* Release */ = {
			isa = XCBuildConfiguration;
			buildSettings = {
				ASSETCATALOG_COMPILER_APPICON_NAME = AppIcon;
				ASSETCATALOG_COMPILER_GLOBAL_ACCENT_COLOR_NAME = AccentColor;
				CODE_SIGN_ENTITLEMENTS = wechatClone/wechatClone.entitlements;
				CODE_SIGN_STYLE = Automatic;
				DEVELOPMENT_ASSET_PATHS = "\"wechatClone/Preview Content\"";
				DEVELOPMENT_TEAM = XX8BFQJ7RJ;
				ENABLE_PREVIEWS = YES;
				INFOPLIST_FILE = wechatClone/Info.plist;
				IPHONEOS_DEPLOYMENT_TARGET = 14.0;
				LD_RUNPATH_SEARCH_PATHS = (
					"$(inherited)",
					"@executable_path/Frameworks",
				);
				PRODUCT_BUNDLE_IDENTIFIER = swift.wechatClone;
				PRODUCT_NAME = "$(TARGET_NAME)";
				SWIFT_VERSION = 5.0;
				TARGETED_DEVICE_FAMILY = "1,2";
			};
			name = Release;
		};
/* End XCBuildConfiguration section */

/* Begin XCConfigurationList section */
		28D3B33126F29DED004D6C17 /* Build configuration list for PBXProject "wechatClone" */ = {
			isa = XCConfigurationList;
			buildConfigurations = (
				28D3B34326F29DF2004D6C17 /* Debug */,
				28D3B34426F29DF2004D6C17 /* Release */,
			);
			defaultConfigurationIsVisible = 0;
			defaultConfigurationName = Release;
		};
		28D3B34526F29DF2004D6C17 /* Build configuration list for PBXNativeTarget "wechatClone" */ = {
			isa = XCConfigurationList;
			buildConfigurations = (
				28D3B34626F29DF2004D6C17 /* Debug */,
				28D3B34726F29DF2004D6C17 /* Release */,
			);
			defaultConfigurationIsVisible = 0;
			defaultConfigurationName = Release;
		};
/* End XCConfigurationList section */

/* Begin XCRemoteSwiftPackageReference section */
		28D3B34F26F3B573004D6C17 /* XCRemoteSwiftPackageReference "firebase-ios-sdk" */ = {
			isa = XCRemoteSwiftPackageReference;
			repositoryURL = "https://github.com/firebase/firebase-ios-sdk";
			requirement = {
				kind = upToNextMajorVersion;
				minimumVersion = 8.7.0;
			};
		};
/* End XCRemoteSwiftPackageReference section */

/* Begin XCSwiftPackageProductDependency section */
		28D3B35026F3B573004D6C17 /* FirebaseStorage */ = {
			isa = XCSwiftPackageProductDependency;
			package = 28D3B34F26F3B573004D6C17 /* XCRemoteSwiftPackageReference "firebase-ios-sdk" */;
			productName = FirebaseStorage;
		};
		28D3B35226F3B573004D6C17 /* FirebaseAuth */ = {
			isa = XCSwiftPackageProductDependency;
			package = 28D3B34F26F3B573004D6C17 /* XCRemoteSwiftPackageReference "firebase-ios-sdk" */;
			productName = FirebaseAuth;
		};
		28D3B35426F3B573004D6C17 /* FirebaseFirestore */ = {
			isa = XCSwiftPackageProductDependency;
			package = 28D3B34F26F3B573004D6C17 /* XCRemoteSwiftPackageReference "firebase-ios-sdk" */;
			productName = FirebaseFirestore;
		};
		28D3B35626F3B573004D6C17 /* FirebaseDatabase */ = {
			isa = XCSwiftPackageProductDependency;
			package = 28D3B34F26F3B573004D6C17 /* XCRemoteSwiftPackageReference "firebase-ios-sdk" */;
			productName = FirebaseDatabase;
		};
/* End XCSwiftPackageProductDependency section */
	};
	rootObject = 28D3B32E26F29DED004D6C17 /* Project object */;
}
